
Microsoft Visual Studio Solution File, Format Version 12.00
# Visual Studio Version 17
VisualStudioVersion = 17.11.35431.28
MinimumVisualStudioVersion = 10.0.40219.1
Project("{FAE04EC0-301F-11D3-BF4B-00C04F79EFBC}") = "BagrutClass24q4", "BagrutClass24q4.csproj", "{CA94047F-0664-40A8-8A3C-2EBFEA4B9539}"
EndProject
Global
	GlobalSection(SolutionConfigurationPlatforms) = preSolution
		Debug|Any CPU = Debug|Any CPU
		Release|Any CPU = Release|Any CPU
	EndGlobalSection
	GlobalSection(ProjectConfigurationPlatforms) = postSolution
		{CA94047F-0664-40A8-8A3C-2EBFEA4B9539}.Debug|Any CPU.ActiveCfg = Debug|Any CPU
		{CA94047F-0664-40A8-8A3C-2EBFEA4B9539}.Debug|Any CPU.Build.0 = Debug|Any CPU
		{CA94047F-0664-40A8-8A3C-2EBFEA4B9539}.Release|Any CPU.ActiveCfg = Release|Any CPU
		{CA94047F-0664-40A8-8A3C-2EBFEA4B9539}.Release|Any CPU.Build.0 = Release|Any CPU
	EndGlobalSection
	GlobalSection(SolutionProperties) = preSolution
		HideSolutionNode = FALSE
	EndGlobalSection
	GlobalSection(ExtensibilityGlobals) = postSolution
		SolutionGuid = {DF24C221-1B58-49E0-8EF0-BD4E6C184D8F}
	EndGlobalSection
EndGlobal
